
Microsoft Visual Studio Solution File, Format Version 12.00
# Visual Studio Version 17
VisualStudioVersion = 17.5.002.0
MinimumVisualStudioVersion = 10.0.40219.1
Project("{9A19103F-16F7-4668-BE54-9A1E7A4F7556}") = "AwaitPOC", "AwaitPOC.csproj", "{4961BE1F-A3EE-4A2E-9FF6-9E301414CEC2}"
EndProject
Global
	GlobalSection(SolutionConfigurationPlatforms) = preSolution
		Debug|Any CPU = Debug|Any CPU
		Release|Any CPU = Release|Any CPU
	EndGlobalSection
	GlobalSection(ProjectConfigurationPlatforms) = postSolution
		{4961BE1F-A3EE-4A2E-9FF6-9E301414CEC2}.Debug|Any CPU.ActiveCfg = Debug|Any CPU
		{4961BE1F-A3EE-4A2E-9FF6-9E301414CEC2}.Debug|Any CPU.Build.0 = Debug|Any CPU
		{4961BE1F-A3EE-4A2E-9FF6-9E301414CEC2}.Release|Any CPU.ActiveCfg = Release|Any CPU
		{4961BE1F-A3EE-4A2E-9FF6-9E301414CEC2}.Release|Any CPU.Build.0 = Release|Any CPU
	EndGlobalSection
	GlobalSection(SolutionProperties) = preSolution
		HideSolutionNode = FALSE
	EndGlobalSection
	GlobalSection(ExtensibilityGlobals) = postSolution
		SolutionGuid = {E537BC4D-510E-40B9-87A9-3FF61CE01EA2}
	EndGlobalSection
EndGlobal
